
Microsoft Visual Studio Solution File, Format Version 12.00
# Visual Studio Version 16
VisualStudioVersion = 16.0.30413.136
MinimumVisualStudioVersion = 10.0.40219.1
Project("{FAE04EC0-301F-11D3-BF4B-00C04F79EFBC}") = "MultidimentionalArrays", "MultidimentionalArrays\MultidimentionalArrays.csproj", "{7D4FF376-F516-40C7-97C7-3117C0ED2B49}"
EndProject
Project("{FAE04EC0-301F-11D3-BF4B-00C04F79EFBC}") = "SumMatrixElements", "SumMatrixElements\SumMatrixElements.csproj", "{4FCB4BC3-48D4-4D8E-88FD-0D36EADF07DB}"
EndProject
Project("{FAE04EC0-301F-11D3-BF4B-00C04F79EFBC}") = "SumMatrixColumns", "SumMatrixColumns\SumMatrixColumns.csproj", "{4823E74B-2A46-4EE4-B2AD-E14AFF52A3AF}"
EndProject
Project("{FAE04EC0-301F-11D3-BF4B-00C04F79EFBC}") = "PrimiryDiagonal", "PrimiryDiagonal\PrimiryDiagonal.csproj", "{BD96BD02-9409-4668-A125-355DF9E0F5C0}"
EndProject
Project("{FAE04EC0-301F-11D3-BF4B-00C04F79EFBC}") = "SymbolInMatrix", "SymbolInMatrix\SymbolInMatrix.csproj", "{256B06DD-8658-4A45-8DE4-D6B18B398696}"
EndProject
Project("{FAE04EC0-301F-11D3-BF4B-00C04F79EFBC}") = "SquareWithMaximumSum", "SquareWithMaximumSum\SquareWithMaximumSum.csproj", "{FDE185DB-A77D-426F-9CA6-38B8FF1CEBB6}"
EndProject
Project("{FAE04EC0-301F-11D3-BF4B-00C04F79EFBC}") = "JaggedArrayModification", "JaggedArrayModification\JaggedArrayModification.csproj", "{6D04649A-6165-4B7A-9CD3-E0A0C8115B6C}"
EndProject
Project("{FAE04EC0-301F-11D3-BF4B-00C04F79EFBC}") = "PascalTriangle", "PascalTriangle\PascalTriangle.csproj", "{03CD0FB1-6D51-4B8E-A39D-9BC2FCE677B5}"
EndProject
Global
	GlobalSection(SolutionConfigurationPlatforms) = preSolution
		Debug|Any CPU = Debug|Any CPU
		Release|Any CPU = Release|Any CPU
	EndGlobalSection
	GlobalSection(ProjectConfigurationPlatforms) = postSolution
		{7D4FF376-F516-40C7-97C7-3117C0ED2B49}.Debug|Any CPU.ActiveCfg = Debug|Any CPU
		{7D4FF376-F516-40C7-97C7-3117C0ED2B49}.Debug|Any CPU.Build.0 = Debug|Any CPU
		{7D4FF376-F516-40C7-97C7-3117C0ED2B49}.Release|Any CPU.ActiveCfg = Release|Any CPU
		{7D4FF376-F516-40C7-97C7-3117C0ED2B49}.Release|Any CPU.Build.0 = Release|Any CPU
		{4FCB4BC3-48D4-4D8E-88FD-0D36EADF07DB}.Debug|Any CPU.ActiveCfg = Debug|Any CPU
		{4FCB4BC3-48D4-4D8E-88FD-0D36EADF07DB}.Debug|Any CPU.Build.0 = Debug|Any CPU
		{4FCB4BC3-48D4-4D8E-88FD-0D36EADF07DB}.Release|Any CPU.ActiveCfg = Release|Any CPU
		{4FCB4BC3-48D4-4D8E-88FD-0D36EADF07DB}.Release|Any CPU.Build.0 = Release|Any CPU
		{4823E74B-2A46-4EE4-B2AD-E14AFF52A3AF}.Debug|Any CPU.ActiveCfg = Debug|Any CPU
		{4823E74B-2A46-4EE4-B2AD-E14AFF52A3AF}.Debug|Any CPU.Build.0 = Debug|Any CPU
		{4823E74B-2A46-4EE4-B2AD-E14AFF52A3AF}.Release|Any CPU.ActiveCfg = Release|Any CPU
		{4823E74B-2A46-4EE4-B2AD-E14AFF52A3AF}.Release|Any CPU.Build.0 = Release|Any CPU
		{BD96BD02-9409-4668-A125-355DF9E0F5C0}.Debug|Any CPU.ActiveCfg = Debug|Any CPU
		{BD96BD02-9409-4668-A125-355DF9E0F5C0}.Debug|Any CPU.Build.0 = Debug|Any CPU
		{BD96BD02-9409-4668-A125-355DF9E0F5C0}.Release|Any CPU.ActiveCfg = Release|Any CPU
		{BD96BD02-9409-4668-A125-355DF9E0F5C0}.Release|Any CPU.Build.0 = Release|Any CPU
		{256B06DD-8658-4A45-8DE4-D6B18B398696}.Debug|Any CPU.ActiveCfg = Debug|Any CPU
		{256B06DD-8658-4A45-8DE4-D6B18B398696}.Debug|Any CPU.Build.0 = Debug|Any CPU
		{256B06DD-8658-4A45-8DE4-D6B18B398696}.Release|Any CPU.ActiveCfg = Release|Any CPU
		{256B06DD-8658-4A45-8DE4-D6B18B398696}.Release|Any CPU.Build.0 = Release|Any CPU
		{FDE185DB-A77D-426F-9CA6-38B8FF1CEBB6}.Debug|Any CPU.ActiveCfg = Debug|Any CPU
		{FDE185DB-A77D-426F-9CA6-38B8FF1CEBB6}.Debug|Any CPU.Build.0 = Debug|Any CPU
		{FDE185DB-A77D-426F-9CA6-38B8FF1CEBB6}.Release|Any CPU.ActiveCfg = Release|Any CPU
		{FDE185DB-A77D-426F-9CA6-38B8FF1CEBB6}.Release|Any CPU.Build.0 = Release|Any CPU
		{6D04649A-6165-4B7A-9CD3-E0A0C8115B6C}.Debug|Any CPU.ActiveCfg = Debug|Any CPU
		{6D04649A-6165-4B7A-9CD3-E0A0C8115B6C}.Debug|Any CPU.Build.0 = Debug|Any CPU
		{6D04649A-6165-4B7A-9CD3-E0A0C8115B6C}.Release|Any CPU.ActiveCfg = Release|Any CPU
		{6D04649A-6165-4B7A-9CD3-E0A0C8115B6C}.Release|Any CPU.Build.0 = Release|Any CPU
		{03CD0FB1-6D51-4B8E-A39D-9BC2FCE677B5}.Debug|Any CPU.ActiveCfg = Debug|Any CPU
		{03CD0FB1-6D51-4B8E-A39D-9BC2FCE677B5}.Debug|Any CPU.Build.0 = Debug|Any CPU
		{03CD0FB1-6D51-4B8E-A39D-9BC2FCE677B5}.Release|Any CPU.ActiveCfg = Release|Any CPU
		{03CD0FB1-6D51-4B8E-A39D-9BC2FCE677B5}.Release|Any CPU.Build.0 = Release|Any CPU
	EndGlobalSection
	GlobalSection(SolutionProperties) = preSolution
		HideSolutionNode = FALSE
	EndGlobalSection
	GlobalSection(ExtensibilityGlobals) = postSolution
		SolutionGuid = {A09B6CB7-8A5F-4F17-B6B5-C3328D2002B5}
	EndGlobalSection
EndGlobal
