
Microsoft Visual Studio Solution File, Format Version 12.00
# Visual Studio Version 16
VisualStudioVersion = 16.0.30413.136
MinimumVisualStudioVersion = 10.0.40219.1
Project("{FAE04EC0-301F-11D3-BF4B-00C04F79EFBC}") = "ExamPrep", "ExamPrep\ExamPrep.csproj", "{4211AB0A-0004-4D1F-A48D-F66222C56B4F}"
EndProject
Global
	GlobalSection(SolutionConfigurationPlatforms) = preSolution
		Debug|Any CPU = Debug|Any CPU
		Release|Any CPU = Release|Any CPU
	EndGlobalSection
	GlobalSection(ProjectConfigurationPlatforms) = postSolution
		{4211AB0A-0004-4D1F-A48D-F66222C56B4F}.Debug|Any CPU.ActiveCfg = Debug|Any CPU
		{4211AB0A-0004-4D1F-A48D-F66222C56B4F}.Debug|Any CPU.Build.0 = Debug|Any CPU
		{4211AB0A-0004-4D1F-A48D-F66222C56B4F}.Release|Any CPU.ActiveCfg = Release|Any CPU
		{4211AB0A-0004-4D1F-A48D-F66222C56B4F}.Release|Any CPU.Build.0 = Release|Any CPU
	EndGlobalSection
	GlobalSection(SolutionProperties) = preSolution
		HideSolutionNode = FALSE
	EndGlobalSection
	GlobalSection(ExtensibilityGlobals) = postSolution
		SolutionGuid = {93DE9426-EE0F-43B0-96A8-A98F8DCACBE5}
	EndGlobalSection
EndGlobal
