
Microsoft Visual Studio Solution File, Format Version 12.00
# Visual Studio Version 16
VisualStudioVersion = 16.0.30717.126
MinimumVisualStudioVersion = 10.0.40219.1
Project("{9A19103F-16F7-4668-BE54-9A1E7A4F7556}") = "DIWorkshop", "DIWorkshop\DIWorkshop.csproj", "{B166CAF1-8A2A-4BA6-80EB-0ACCF8A831FD}"
EndProject
Project("{FAE04EC0-301F-11D3-BF4B-00C04F79EFBC}") = "DIContainer", "DIContainer\DIContainer.csproj", "{C96797F2-972A-4EF8-9331-4780D1CE0745}"
EndProject
Global
	GlobalSection(SolutionConfigurationPlatforms) = preSolution
		Debug|Any CPU = Debug|Any CPU
		Release|Any CPU = Release|Any CPU
	EndGlobalSection
	GlobalSection(ProjectConfigurationPlatforms) = postSolution
		{B166CAF1-8A2A-4BA6-80EB-0ACCF8A831FD}.Debug|Any CPU.ActiveCfg = Debug|Any CPU
		{B166CAF1-8A2A-4BA6-80EB-0ACCF8A831FD}.Debug|Any CPU.Build.0 = Debug|Any CPU
		{B166CAF1-8A2A-4BA6-80EB-0ACCF8A831FD}.Release|Any CPU.ActiveCfg = Release|Any CPU
		{B166CAF1-8A2A-4BA6-80EB-0ACCF8A831FD}.Release|Any CPU.Build.0 = Release|Any CPU
		{C96797F2-972A-4EF8-9331-4780D1CE0745}.Debug|Any CPU.ActiveCfg = Debug|Any CPU
		{C96797F2-972A-4EF8-9331-4780D1CE0745}.Debug|Any CPU.Build.0 = Debug|Any CPU
		{C96797F2-972A-4EF8-9331-4780D1CE0745}.Release|Any CPU.ActiveCfg = Release|Any CPU
		{C96797F2-972A-4EF8-9331-4780D1CE0745}.Release|Any CPU.Build.0 = Release|Any CPU
	EndGlobalSection
	GlobalSection(SolutionProperties) = preSolution
		HideSolutionNode = FALSE
	EndGlobalSection
	GlobalSection(ExtensibilityGlobals) = postSolution
		SolutionGuid = {7F74EB5D-66AA-4147-B304-46504C530C46}
	EndGlobalSection
EndGlobal
