
Microsoft Visual Studio Solution File, Format Version 12.00
# Visual Studio Version 16
VisualStudioVersion = 16.0.31205.134
MinimumVisualStudioVersion = 10.0.40219.1
Project("{FAE04EC0-301F-11D3-BF4B-00C04F79EFBC}") = "AsynchronousPrograming", "AsynchronousPrograming\AsynchronousPrograming.csproj", "{0B015BF9-02F1-4FFC-8358-D2395FFE2DEC}"
EndProject
Project("{FAE04EC0-301F-11D3-BF4B-00C04F79EFBC}") = "Chronometer", "Chronometer\Chronometer.csproj", "{8D7EACA1-1451-463C-A662-221831047C35}"
EndProject
Project("{FAE04EC0-301F-11D3-BF4B-00C04F79EFBC}") = "ParallelMergeSort", "ParallelMergeSort\ParallelMergeSort.csproj", "{7E1F6BD7-DB10-4235-B93A-58639F02207F}"
EndProject
Global
	GlobalSection(SolutionConfigurationPlatforms) = preSolution
		Debug|Any CPU = Debug|Any CPU
		Release|Any CPU = Release|Any CPU
	EndGlobalSection
	GlobalSection(ProjectConfigurationPlatforms) = postSolution
		{0B015BF9-02F1-4FFC-8358-D2395FFE2DEC}.Debug|Any CPU.ActiveCfg = Debug|Any CPU
		{0B015BF9-02F1-4FFC-8358-D2395FFE2DEC}.Debug|Any CPU.Build.0 = Debug|Any CPU
		{0B015BF9-02F1-4FFC-8358-D2395FFE2DEC}.Release|Any CPU.ActiveCfg = Release|Any CPU
		{0B015BF9-02F1-4FFC-8358-D2395FFE2DEC}.Release|Any CPU.Build.0 = Release|Any CPU
		{8D7EACA1-1451-463C-A662-221831047C35}.Debug|Any CPU.ActiveCfg = Debug|Any CPU
		{8D7EACA1-1451-463C-A662-221831047C35}.Debug|Any CPU.Build.0 = Debug|Any CPU
		{8D7EACA1-1451-463C-A662-221831047C35}.Release|Any CPU.ActiveCfg = Release|Any CPU
		{8D7EACA1-1451-463C-A662-221831047C35}.Release|Any CPU.Build.0 = Release|Any CPU
		{7E1F6BD7-DB10-4235-B93A-58639F02207F}.Debug|Any CPU.ActiveCfg = Debug|Any CPU
		{7E1F6BD7-DB10-4235-B93A-58639F02207F}.Debug|Any CPU.Build.0 = Debug|Any CPU
		{7E1F6BD7-DB10-4235-B93A-58639F02207F}.Release|Any CPU.ActiveCfg = Release|Any CPU
		{7E1F6BD7-DB10-4235-B93A-58639F02207F}.Release|Any CPU.Build.0 = Release|Any CPU
	EndGlobalSection
	GlobalSection(SolutionProperties) = preSolution
		HideSolutionNode = FALSE
	EndGlobalSection
	GlobalSection(ExtensibilityGlobals) = postSolution
		SolutionGuid = {6E975D5C-B507-4C66-8FF6-E35C5267D86F}
	EndGlobalSection
EndGlobal
