
Microsoft Visual Studio Solution File, Format Version 12.00
# Visual Studio Version 16
VisualStudioVersion = 16.0.30717.126
MinimumVisualStudioVersion = 10.0.40219.1
Project("{FAE04EC0-301F-11D3-BF4B-00C04F79EFBC}") = "GraphsLab", "GraphsLab\GraphsLab.csproj", "{758D4C36-4467-415B-BD45-B3C4D5DE9659}"
EndProject
Project("{FAE04EC0-301F-11D3-BF4B-00C04F79EFBC}") = "TopologicalSorting", "TopologicalSorting\TopologicalSorting.csproj", "{FF65849E-5506-4936-A1A0-04D47A128E44}"
EndProject
Project("{FAE04EC0-301F-11D3-BF4B-00C04F79EFBC}") = "ShortestPath", "ShortestPath\ShortestPath.csproj", "{C47D2837-B1B1-47ED-8325-E7E443CBA87D}"
EndProject
Global
	GlobalSection(SolutionConfigurationPlatforms) = preSolution
		Debug|Any CPU = Debug|Any CPU
		Release|Any CPU = Release|Any CPU
	EndGlobalSection
	GlobalSection(ProjectConfigurationPlatforms) = postSolution
		{758D4C36-4467-415B-BD45-B3C4D5DE9659}.Debug|Any CPU.ActiveCfg = Debug|Any CPU
		{758D4C36-4467-415B-BD45-B3C4D5DE9659}.Debug|Any CPU.Build.0 = Debug|Any CPU
		{758D4C36-4467-415B-BD45-B3C4D5DE9659}.Release|Any CPU.ActiveCfg = Release|Any CPU
		{758D4C36-4467-415B-BD45-B3C4D5DE9659}.Release|Any CPU.Build.0 = Release|Any CPU
		{FF65849E-5506-4936-A1A0-04D47A128E44}.Debug|Any CPU.ActiveCfg = Debug|Any CPU
		{FF65849E-5506-4936-A1A0-04D47A128E44}.Debug|Any CPU.Build.0 = Debug|Any CPU
		{FF65849E-5506-4936-A1A0-04D47A128E44}.Release|Any CPU.ActiveCfg = Release|Any CPU
		{FF65849E-5506-4936-A1A0-04D47A128E44}.Release|Any CPU.Build.0 = Release|Any CPU
		{C47D2837-B1B1-47ED-8325-E7E443CBA87D}.Debug|Any CPU.ActiveCfg = Debug|Any CPU
		{C47D2837-B1B1-47ED-8325-E7E443CBA87D}.Debug|Any CPU.Build.0 = Debug|Any CPU
		{C47D2837-B1B1-47ED-8325-E7E443CBA87D}.Release|Any CPU.ActiveCfg = Release|Any CPU
		{C47D2837-B1B1-47ED-8325-E7E443CBA87D}.Release|Any CPU.Build.0 = Release|Any CPU
	EndGlobalSection
	GlobalSection(SolutionProperties) = preSolution
		HideSolutionNode = FALSE
	EndGlobalSection
	GlobalSection(ExtensibilityGlobals) = postSolution
		SolutionGuid = {0994120B-6368-45DC-B6FB-F64E563E837E}
	EndGlobalSection
EndGlobal
