
Microsoft Visual Studio Solution File, Format Version 12.00
# Visual Studio Version 16
VisualStudioVersion = 16.0.30413.136
MinimumVisualStudioVersion = 10.0.40219.1
Project("{FAE04EC0-301F-11D3-BF4B-00C04F79EFBC}") = "IteratorsAndComparators", "IteratorsAndComparators\IteratorsAndComparators.csproj", "{C359566A-3DEE-4005-BFC1-683C97EEA052}"
EndProject
Project("{FAE04EC0-301F-11D3-BF4B-00C04F79EFBC}") = "Library", "Library\Library.csproj", "{E7E1BE9E-5E6D-4C05-955B-4B261A9D6D51}"
EndProject
Global
	GlobalSection(SolutionConfigurationPlatforms) = preSolution
		Debug|Any CPU = Debug|Any CPU
		Release|Any CPU = Release|Any CPU
	EndGlobalSection
	GlobalSection(ProjectConfigurationPlatforms) = postSolution
		{C359566A-3DEE-4005-BFC1-683C97EEA052}.Debug|Any CPU.ActiveCfg = Debug|Any CPU
		{C359566A-3DEE-4005-BFC1-683C97EEA052}.Debug|Any CPU.Build.0 = Debug|Any CPU
		{C359566A-3DEE-4005-BFC1-683C97EEA052}.Release|Any CPU.ActiveCfg = Release|Any CPU
		{C359566A-3DEE-4005-BFC1-683C97EEA052}.Release|Any CPU.Build.0 = Release|Any CPU
		{E7E1BE9E-5E6D-4C05-955B-4B261A9D6D51}.Debug|Any CPU.ActiveCfg = Debug|Any CPU
		{E7E1BE9E-5E6D-4C05-955B-4B261A9D6D51}.Debug|Any CPU.Build.0 = Debug|Any CPU
		{E7E1BE9E-5E6D-4C05-955B-4B261A9D6D51}.Release|Any CPU.ActiveCfg = Release|Any CPU
		{E7E1BE9E-5E6D-4C05-955B-4B261A9D6D51}.Release|Any CPU.Build.0 = Release|Any CPU
	EndGlobalSection
	GlobalSection(SolutionProperties) = preSolution
		HideSolutionNode = FALSE
	EndGlobalSection
	GlobalSection(ExtensibilityGlobals) = postSolution
		SolutionGuid = {43D83D9B-7EA6-4F8D-9287-CA7D99EA442B}
	EndGlobalSection
EndGlobal
