
Microsoft Visual Studio Solution File, Format Version 12.00
# Visual Studio Version 16
VisualStudioVersion = 16.0.30413.136
MinimumVisualStudioVersion = 10.0.40219.1
Project("{FAE04EC0-301F-11D3-BF4B-00C04F79EFBC}") = "DefiningClasses", "DefiningClasses\DefiningClasses.csproj", "{B9B9DD5E-1BAE-46E8-A53C-C67525F8CD4B}"
EndProject
Project("{FAE04EC0-301F-11D3-BF4B-00C04F79EFBC}") = "CarManufacturer", "CarManifacturer\CarManufacturer.csproj", "{32D86494-5449-4611-B9A4-579C42EC6BA8}"
EndProject
Global
	GlobalSection(SolutionConfigurationPlatforms) = preSolution
		Debug|Any CPU = Debug|Any CPU
		Release|Any CPU = Release|Any CPU
	EndGlobalSection
	GlobalSection(ProjectConfigurationPlatforms) = postSolution
		{B9B9DD5E-1BAE-46E8-A53C-C67525F8CD4B}.Debug|Any CPU.ActiveCfg = Debug|Any CPU
		{B9B9DD5E-1BAE-46E8-A53C-C67525F8CD4B}.Debug|Any CPU.Build.0 = Debug|Any CPU
		{B9B9DD5E-1BAE-46E8-A53C-C67525F8CD4B}.Release|Any CPU.ActiveCfg = Release|Any CPU
		{B9B9DD5E-1BAE-46E8-A53C-C67525F8CD4B}.Release|Any CPU.Build.0 = Release|Any CPU
		{32D86494-5449-4611-B9A4-579C42EC6BA8}.Debug|Any CPU.ActiveCfg = Debug|Any CPU
		{32D86494-5449-4611-B9A4-579C42EC6BA8}.Debug|Any CPU.Build.0 = Debug|Any CPU
		{32D86494-5449-4611-B9A4-579C42EC6BA8}.Release|Any CPU.ActiveCfg = Release|Any CPU
		{32D86494-5449-4611-B9A4-579C42EC6BA8}.Release|Any CPU.Build.0 = Release|Any CPU
	EndGlobalSection
	GlobalSection(SolutionProperties) = preSolution
		HideSolutionNode = FALSE
	EndGlobalSection
	GlobalSection(ExtensibilityGlobals) = postSolution
		SolutionGuid = {27AD781A-3C79-451E-BFC5-61A55DFDB76F}
	EndGlobalSection
EndGlobal
